{
  "name": "@arpit078/preactjs",
  "version": "1.1.0",
  "lockfileVersion": 2,
  "requires": true,
  "packages": {
    "": {
      "name": "@arpit078/preactjs",
      "version": "1.1.0",
      "license": "MIT",
      "dependencies": {
        "@arpit078/preactjs": "^1.1.0"
      },
      "bin": {
        "preactjs": "cli.js"
      }
    },
    "node_modules/@arpit078/preactjs": {
      "version": "1.1.0",
      "resolved": "https://registry.npmjs.org/@arpit078/preactjs/-/preactjs-1.1.0.tgz",
      "integrity": "sha512-LurTTR4YdWlTt8LSgUC/MvukMXHSIoyN//i8L+aFx3y39iBqi374SOuKR7VTcyfW557kvWvyGlenGrVBTYUjnw==",
      "bin": {
        "preactjs": "cli.js"
      }
    }
  },
  "dependencies": {
    "@arpit078/preactjs": {
      "version": "1.1.0",
      "resolved": "https://registry.npmjs.org/@arpit078/preactjs/-/preactjs-1.1.0.tgz",
      "integrity": "sha512-LurTTR4YdWlTt8LSgUC/MvukMXHSIoyN//i8L+aFx3y39iBqi374SOuKR7VTcyfW557kvWvyGlenGrVBTYUjnw=="
    }
  }
}
