{
  "name": "akv-js",
  "version": "1.0.0",
  "lockfileVersion": 2,
  "requires": true,
  "packages": {
    "": {
      "name": "akv-js",
      "version": "1.0.0",
      "license": "MIT",
      "dependencies": {
        "akv-js": "^1.0.0"
      },
      "bin": {
        "akvJS": "cli.js"
      }
    },
    "node_modules/akv-js": {
      "version": "1.0.0",
      "resolved": "https://registry.npmjs.org/akv-js/-/akv-js-1.0.0.tgz",
      "integrity": "sha512-uxvvjGB5lWb8eVQ9s0NBqw9/WqHuZQ+iKQkY48OnIJa/QiPisznud1aHrZMNh6al1C9nUGoU/CuQlmzBE1V3ow==",
      "bin": {
        "akvJS": "cli.js"
      }
    }
  },
  "dependencies": {
    "akv-js": {
      "version": "1.0.0",
      "resolved": "https://registry.npmjs.org/akv-js/-/akv-js-1.0.0.tgz",
      "integrity": "sha512-uxvvjGB5lWb8eVQ9s0NBqw9/WqHuZQ+iKQkY48OnIJa/QiPisznud1aHrZMNh6al1C9nUGoU/CuQlmzBE1V3ow=="
    }
  }
}
