{
  "name": "New folder",
  "lockfileVersion": 3,
  "requires": true,
  "packages": {
    "": {
      "dependencies": {
        "@arpit078/preactjs": "^1.6.0"
      }
    },
    "node_modules/@arpit078/preactjs": {
      "version": "1.6.0",
      "resolved": "https://registry.npmjs.org/@arpit078/preactjs/-/preactjs-1.6.0.tgz",
      "integrity": "sha512-y+UQFbO45ypNUZKW2z+13aYkNqqqjtozDYS2VoCWZM//6s1WTJZwEWhyR29azvwG2T+riutVjeB4x6HtG0GX/A==",
      "dependencies": {
        "@arpit078/preactjs": "^1.1.0"
      },
      "bin": {
        "preactjs": "cli.js"
      }
    }
  }
}
